
Microsoft Visual Studio Solution File, Format Version 12.00
# Visual Studio Version 16
VisualStudioVersion = 16.0.30621.155
MinimumVisualStudioVersion = 10.0.40219.1
Project("{FAE04EC0-301F-11D3-BF4B-00C04F79EFBC}") = "RMS.API", "RMS.API\RMS.API.csproj", "{7C1C1275-0E42-4A0A-A8FE-EE07D3B0928A}"
EndProject
Global
	GlobalSection(SolutionConfigurationPlatforms) = preSolution
		Debug|Any CPU = Debug|Any CPU
		Release|Any CPU = Release|Any CPU
	EndGlobalSection
	GlobalSection(ProjectConfigurationPlatforms) = postSolution
		{7C1C1275-0E42-4A0A-A8FE-EE07D3B0928A}.Debug|Any CPU.ActiveCfg = Debug|Any CPU
		{7C1C1275-0E42-4A0A-A8FE-EE07D3B0928A}.Debug|Any CPU.Build.0 = Debug|Any CPU
		{7C1C1275-0E42-4A0A-A8FE-EE07D3B0928A}.Release|Any CPU.ActiveCfg = Release|Any CPU
		{7C1C1275-0E42-4A0A-A8FE-EE07D3B0928A}.Release|Any CPU.Build.0 = Release|Any CPU
	EndGlobalSection
	GlobalSection(SolutionProperties) = preSolution
		HideSolutionNode = FALSE
	EndGlobalSection
	GlobalSection(ExtensibilityGlobals) = postSolution
		SolutionGuid = {B270A7DC-6DB8-4A01-967C-B0D0A3ACBE9F}
	EndGlobalSection
EndGlobal
